// !$*UTF8*$!
{
	archiveVersion = 1;
	classes = {
	};
	objectVersion = 56;
	objects = {

/* Begin PBXBuildFile section */
		AA00000000000000000001 /* PrayerTimesApp.swift in Sources */ = {isa = PBXBuildFile; fileRef = BB00000000000000000001 /* PrayerTimesApp.swift */; };
		AA00000000000000000002 /* MenuBarView.swift in Sources */ = {isa = PBXBuildFile; fileRef = BB00000000000000000002 /* MenuBarView.swift */; };
		AA00000000000000000003 /* SettingsView.swift in Sources */ = {isa = PBXBuildFile; fileRef = BB00000000000000000003 /* SettingsView.swift */; };
		AA00000000000000000004 /* PrayerManager.swift in Sources */ = {isa = PBXBuildFile; fileRef = BB00000000000000000004 /* PrayerManager.swift */; };
		AA00000000000000000005 /* LocationManager.swift in Sources */ = {isa = PBXBuildFile; fileRef = BB00000000000000000005 /* LocationManager.swift */; };
		AA00000000000000000006 /* AdhanPlayer.swift in Sources */ = {isa = PBXBuildFile; fileRef = BB00000000000000000006 /* AdhanPlayer.swift */; };
		AA00000000000000000007 /* Assets.xcassets in Resources */ = {isa = PBXBuildFile; fileRef = BB00000000000000000009 /* Assets.xcassets */; };
		AA00000000000000000008 /* Adhan in Frameworks */ = {isa = PBXBuildFile; productRef = EE00000000000000000002 /* Adhan */; };
		AA00000000000000000009 /* adhan.mp3 in Resources */ = {isa = PBXBuildFile; fileRef = BB0000000000000000000B /* adhan.mp3 */; };
		AA0000000000000000000A /* SettingsSync.swift in Sources */ = {isa = PBXBuildFile; fileRef = BB0000000000000000000C /* SettingsSync.swift */; };
		WA00000000000000000001 /* PrayerTimesWidget.swift in Sources */ = {isa = PBXBuildFile; fileRef = WB00000000000000000001 /* PrayerTimesWidget.swift */; };
		WA00000000000000000002 /* PrayerTimesWidgetExtension.appex in Embed PlugIns */ = {isa = PBXBuildFile; fileRef = WB00000000000000000004 /* PrayerTimesWidgetExtension.appex */; settings = {ATTRIBUTES = (RemoveHeadersOnCopy, ); }; };
/* End PBXBuildFile section */

/* Begin PBXContainerItemProxy section */
		WP00000000000000000001 /* PBXContainerItemProxy */ = {
			isa = PBXContainerItemProxy;
			containerPortal = DD00000000000000000000 /* Project object */;
			proxyType = 1;
			remoteGlobalIDString = WF00000000000000000001;
			remoteInfo = PrayerTimesWidgetExtension;
		};
/* End PBXContainerItemProxy section */

/* Begin PBXCopyFilesBuildPhase section */
		WE00000000000000000001 /* Embed PlugIns */ = {
			isa = PBXCopyFilesBuildPhase;
			buildActionMask = 2147483647;
			dstPath = "";
			dstSubfolderSpec = 13;
			files = (
				WA00000000000000000002 /* PrayerTimesWidgetExtension.appex in Embed PlugIns */,
			);
			name = "Embed PlugIns";
			runOnlyForDeploymentPostprocessing = 0;
		};
/* End PBXCopyFilesBuildPhase section */

/* Begin PBXFileReference section */
		BB00000000000000000001 /* PrayerTimesApp.swift */ = {isa = PBXFileReference; lastKnownFileType = sourcecode.swift; path = PrayerTimesApp.swift; sourceTree = "<group>"; };
		BB00000000000000000002 /* MenuBarView.swift */ = {isa = PBXFileReference; lastKnownFileType = sourcecode.swift; path = MenuBarView.swift; sourceTree = "<group>"; };
		BB00000000000000000003 /* SettingsView.swift */ = {isa = PBXFileReference; lastKnownFileType = sourcecode.swift; path = SettingsView.swift; sourceTree = "<group>"; };
		BB00000000000000000004 /* PrayerManager.swift */ = {isa = PBXFileReference; lastKnownFileType = sourcecode.swift; path = PrayerManager.swift; sourceTree = "<group>"; };
		BB00000000000000000005 /* LocationManager.swift */ = {isa = PBXFileReference; lastKnownFileType = sourcecode.swift; path = LocationManager.swift; sourceTree = "<group>"; };
		BB00000000000000000006 /* AdhanPlayer.swift */ = {isa = PBXFileReference; lastKnownFileType = sourcecode.swift; path = AdhanPlayer.swift; sourceTree = "<group>"; };
		BB00000000000000000007 /* Info.plist */ = {isa = PBXFileReference; lastKnownFileType = text.plist.xml; path = Info.plist; sourceTree = "<group>"; };
		BB00000000000000000008 /* PrayerTimes.entitlements */ = {isa = PBXFileReference; lastKnownFileType = text.plist.entitlements; path = PrayerTimes.entitlements; sourceTree = "<group>"; };
		BB00000000000000000009 /* Assets.xcassets */ = {isa = PBXFileReference; lastKnownFileType = folder.assetcatalog; path = Assets.xcassets; sourceTree = "<group>"; };
		BB0000000000000000000A /* PrayerTimes.app */ = {isa = PBXFileReference; explicitFileType = wrapper.application; includeInIndex = 0; path = PrayerTimes.app; sourceTree = BUILT_PRODUCTS_DIR; };
		BB0000000000000000000B /* adhan.mp3 */ = {isa = PBXFileReference; lastKnownFileType = audio.mp3; path = adhan.mp3; sourceTree = "<group>"; };
		BB0000000000000000000C /* SettingsSync.swift */ = {isa = PBXFileReference; lastKnownFileType = sourcecode.swift; path = SettingsSync.swift; sourceTree = "<group>"; };
		WB00000000000000000001 /* PrayerTimesWidget.swift */ = {isa = PBXFileReference; lastKnownFileType = sourcecode.swift; path = PrayerTimesWidget.swift; sourceTree = "<group>"; };
		WB00000000000000000002 /* Info.plist */ = {isa = PBXFileReference; lastKnownFileType = text.plist.xml; path = Info.plist; sourceTree = "<group>"; };
		WB00000000000000000003 /* PrayerTimesWidget.entitlements */ = {isa = PBXFileReference; lastKnownFileType = text.plist.entitlements; path = PrayerTimesWidget.entitlements; sourceTree = "<group>"; };
		WB00000000000000000004 /* PrayerTimesWidgetExtension.appex */ = {isa = PBXFileReference; explicitFileType = "wrapper.extensionkit-extension"; includeInIndex = 0; path = PrayerTimesWidgetExtension.appex; sourceTree = BUILT_PRODUCTS_DIR; };
/* End PBXFileReference section */

/* Begin PBXFrameworksBuildPhase section */
		CC00000000000000000001 /* Frameworks */ = {
			isa = PBXFrameworksBuildPhase;
			buildActionMask = 2147483647;
			files = (
				AA00000000000000000008 /* Adhan in Frameworks */,
			);
			runOnlyForDeploymentPostprocessing = 0;
		};
		WC00000000000000000001 /* Frameworks */ = {
			isa = PBXFrameworksBuildPhase;
			buildActionMask = 2147483647;
			files = (
			);
			runOnlyForDeploymentPostprocessing = 0;
		};
/* End PBXFrameworksBuildPhase section */

/* Begin PBXGroup section */
		DD00000000000000000001 = {
			isa = PBXGroup;
			children = (
				DD00000000000000000003 /* PrayerTimes */,
				WD00000000000000000001 /* PrayerTimesWidget */,
				DD00000000000000000002 /* Products */,
			);
			sourceTree = "<group>";
		};
		DD00000000000000000002 /* Products */ = {
			isa = PBXGroup;
			children = (
				BB0000000000000000000A /* PrayerTimes.app */,
				WB00000000000000000004 /* PrayerTimesWidgetExtension.appex */,
			);
			name = Products;
			sourceTree = "<group>";
		};
		DD00000000000000000003 /* PrayerTimes */ = {
			isa = PBXGroup;
			children = (
				BB00000000000000000001 /* PrayerTimesApp.swift */,
				DD00000000000000000004 /* Views */,
				DD00000000000000000005 /* Models */,
				DD00000000000000000006 /* Services */,
				DD00000000000000000007 /* Resources */,
				BB00000000000000000009 /* Assets.xcassets */,
				BB00000000000000000007 /* Info.plist */,
				BB00000000000000000008 /* PrayerTimes.entitlements */,
			);
			path = PrayerTimes;
			sourceTree = "<group>";
		};
		DD00000000000000000004 /* Views */ = {
			isa = PBXGroup;
			children = (
				BB00000000000000000002 /* MenuBarView.swift */,
				BB00000000000000000003 /* SettingsView.swift */,
			);
			path = Views;
			sourceTree = "<group>";
		};
		DD00000000000000000005 /* Models */ = {
			isa = PBXGroup;
			children = (
				BB00000000000000000004 /* PrayerManager.swift */,
				BB00000000000000000005 /* LocationManager.swift */,
			);
			path = Models;
			sourceTree = "<group>";
		};
		DD00000000000000000006 /* Services */ = {
			isa = PBXGroup;
			children = (
				BB00000000000000000006 /* AdhanPlayer.swift */,
				BB0000000000000000000C /* SettingsSync.swift */,
			);
			path = Services;
			sourceTree = "<group>";
		};
		DD00000000000000000007 /* Resources */ = {
			isa = PBXGroup;
			children = (
				BB0000000000000000000B /* adhan.mp3 */,
			);
			path = Resources;
			sourceTree = "<group>";
		};
		WD00000000000000000001 /* PrayerTimesWidget */ = {
			isa = PBXGroup;
			children = (
				WB00000000000000000001 /* PrayerTimesWidget.swift */,
				WB00000000000000000002 /* Info.plist */,
				WB00000000000000000003 /* PrayerTimesWidget.entitlements */,
			);
			path = PrayerTimesWidget;
			sourceTree = "<group>";
		};
/* End PBXGroup section */

/* Begin PBXNativeTarget section */
		FF00000000000000000001 /* PrayerTimes */ = {
			isa = PBXNativeTarget;
			buildConfigurationList = 1100000000000000000002 /* Build configuration list for PBXNativeTarget "PrayerTimes" */;
			buildPhases = (
				CC00000000000000000002 /* Sources */,
				CC00000000000000000003 /* Resources */,
				CC00000000000000000001 /* Frameworks */,
				WE00000000000000000001 /* Embed PlugIns */,
			);
			buildRules = (
			);
			dependencies = (
				WT00000000000000000001 /* PBXTargetDependency */,
			);
			name = PrayerTimes;
			packageProductDependencies = (
				EE00000000000000000002 /* Adhan */,
			);
			productName = PrayerTimes;
			productReference = BB0000000000000000000A /* PrayerTimes.app */;
			productType = "com.apple.product-type.application";
		};
		WF00000000000000000001 /* PrayerTimesWidgetExtension */ = {
			isa = PBXNativeTarget;
			buildConfigurationList = W100000000000000000001 /* Build configuration list for PBXNativeTarget "PrayerTimesWidgetExtension" */;
			buildPhases = (
				WC00000000000000000002 /* Sources */,
				WC00000000000000000003 /* Resources */,
				WC00000000000000000001 /* Frameworks */,
			);
			buildRules = (
			);
			dependencies = (
			);
			name = PrayerTimesWidgetExtension;
			productName = PrayerTimesWidgetExtension;
			productReference = WB00000000000000000004 /* PrayerTimesWidgetExtension.appex */;
			productType = "com.apple.product-type.app-extension";
		};
/* End PBXNativeTarget section */

/* Begin PBXProject section */
		DD00000000000000000000 /* Project object */ = {
			isa = PBXProject;
			attributes = {
				BuildIndependentTargetsInParallel = 1;
				LastSwiftUpdateCheck = 1500;
				LastUpgradeCheck = 2620;
				TargetAttributes = {
					FF00000000000000000001 = {
						CreatedOnToolsVersion = 15.0;
					};
					WF00000000000000000001 = {
						CreatedOnToolsVersion = 15.0;
					};
				};
			};
			buildConfigurationList = 1100000000000000000001 /* Build configuration list for PBXProject "PrayerTimes" */;
			compatibilityVersion = "Xcode 14.0";
			developmentRegion = en;
			hasScannedForEncodings = 0;
			knownRegions = (
				en,
				Base,
			);
			mainGroup = DD00000000000000000001;
			packageReferences = (
				EE00000000000000000001 /* XCRemoteSwiftPackageReference "adhan-swift" */,
			);
			productRefGroup = DD00000000000000000002 /* Products */;
			projectDirPath = "";
			projectRoot = "";
			targets = (
				FF00000000000000000001 /* PrayerTimes */,
				WF00000000000000000001 /* PrayerTimesWidgetExtension */,
			);
		};
/* End PBXProject section */

/* Begin PBXResourcesBuildPhase section */
		CC00000000000000000003 /* Resources */ = {
			isa = PBXResourcesBuildPhase;
			buildActionMask = 2147483647;
			files = (
				AA00000000000000000009 /* adhan.mp3 in Resources */,
				AA00000000000000000007 /* Assets.xcassets in Resources */,
			);
			runOnlyForDeploymentPostprocessing = 0;
		};
		WC00000000000000000003 /* Resources */ = {
			isa = PBXResourcesBuildPhase;
			buildActionMask = 2147483647;
			files = (
			);
			runOnlyForDeploymentPostprocessing = 0;
		};
/* End PBXResourcesBuildPhase section */

/* Begin PBXSourcesBuildPhase section */
		CC00000000000000000002 /* Sources */ = {
			isa = PBXSourcesBuildPhase;
			buildActionMask = 2147483647;
			files = (
				AA00000000000000000001 /* PrayerTimesApp.swift in Sources */,
				AA00000000000000000002 /* MenuBarView.swift in Sources */,
				AA00000000000000000003 /* SettingsView.swift in Sources */,
				AA00000000000000000004 /* PrayerManager.swift in Sources */,
				AA00000000000000000005 /* LocationManager.swift in Sources */,
				AA00000000000000000006 /* AdhanPlayer.swift in Sources */,
				AA0000000000000000000A /* SettingsSync.swift in Sources */,
			);
			runOnlyForDeploymentPostprocessing = 0;
		};
		WC00000000000000000002 /* Sources */ = {
			isa = PBXSourcesBuildPhase;
			buildActionMask = 2147483647;
			files = (
				WA00000000000000000001 /* PrayerTimesWidget.swift in Sources */,
			);
			runOnlyForDeploymentPostprocessing = 0;
		};
/* End PBXSourcesBuildPhase section */

/* Begin PBXTargetDependency section */
		WT00000000000000000001 /* PBXTargetDependency */ = {
			isa = PBXTargetDependency;
			target = WF00000000000000000001 /* PrayerTimesWidgetExtension */;
			targetProxy = WP00000000000000000001 /* PBXContainerItemProxy */;
		};
/* End PBXTargetDependency section */

/* Begin XCBuildConfiguration section */
		2200000000000000000001 /* Debug */ = {
			isa = XCBuildConfiguration;
			buildSettings = {
				ALWAYS_SEARCH_USER_PATHS = NO;
				ASSETCATALOG_COMPILER_GENERATE_SWIFT_ASSET_SYMBOL_EXTENSIONS = YES;
				CLANG_ANALYZER_NONNULL = YES;
				CLANG_ANALYZER_NUMBER_OBJECT_CONVERSION = YES_AGGRESSIVE;
				CLANG_CXX_LANGUAGE_STANDARD = "gnu++20";
				CLANG_ENABLE_MODULES = YES;
				CLANG_ENABLE_OBJC_ARC = YES;
				CLANG_ENABLE_OBJC_WEAK = YES;
				CLANG_WARN_BLOCK_CAPTURE_AUTORELEASING = YES;
				CLANG_WARN_BOOL_CONVERSION = YES;
				CLANG_WARN_COMMA = YES;
				CLANG_WARN_CONSTANT_CONVERSION = YES;
				CLANG_WARN_DEPRECATED_OBJC_IMPLEMENTATIONS = YES;
				CLANG_WARN_DIRECT_OBJC_ISA_USAGE = YES_ERROR;
				CLANG_WARN_DOCUMENTATION_COMMENTS = YES;
				CLANG_WARN_EMPTY_BODY = YES;
				CLANG_WARN_ENUM_CONVERSION = YES;
				CLANG_WARN_INFINITE_RECURSION = YES;
				CLANG_WARN_INT_CONVERSION = YES;
				CLANG_WARN_NON_LITERAL_NULL_CONVERSION = YES;
				CLANG_WARN_OBJC_IMPLICIT_RETAIN_SELF = YES;
				CLANG_WARN_OBJC_LITERAL_CONVERSION = YES;
				CLANG_WARN_OBJC_ROOT_CLASS = YES_ERROR;
				CLANG_WARN_QUOTED_INCLUDE_IN_FRAMEWORK_HEADER = YES;
				CLANG_WARN_RANGE_LOOP_ANALYSIS = YES;
				CLANG_WARN_STRICT_PROTOTYPES = YES;
				CLANG_WARN_SUSPICIOUS_MOVE = YES;
				CLANG_WARN_UNGUARDED_AVAILABILITY = YES_AGGRESSIVE;
				CLANG_WARN_UNREACHABLE_CODE = YES;
				CLANG_WARN__DUPLICATE_METHOD_MATCH = YES;
				COPY_PHASE_STRIP = NO;
				DEAD_CODE_STRIPPING = YES;
				DEBUG_INFORMATION_FORMAT = dwarf;
				ENABLE_STRICT_OBJC_MSGSEND = YES;
				ENABLE_TESTABILITY = YES;
				ENABLE_USER_SCRIPT_SANDBOXING = YES;
				GCC_C_LANGUAGE_STANDARD = gnu17;
				GCC_DYNAMIC_NO_PIC = NO;
				GCC_NO_COMMON_BLOCKS = YES;
				GCC_OPTIMIZATION_LEVEL = 0;
				GCC_PREPROCESSOR_DEFINITIONS = (
					"DEBUG=1",
					"$(inherited)",
				);
				GCC_WARN_64_TO_32_BIT_CONVERSION = YES;
				GCC_WARN_ABOUT_RETURN_TYPE = YES_ERROR;
				GCC_WARN_UNDECLARED_SELECTOR = YES;
				GCC_WARN_UNINITIALIZED_AUTOS = YES_AGGRESSIVE;
				GCC_WARN_UNUSED_FUNCTION = YES;
				GCC_WARN_UNUSED_VARIABLE = YES;
				MACOSX_DEPLOYMENT_TARGET = 14.0;
				MTL_ENABLE_DEBUG_INFO = INCLUDE_SOURCE;
				MTL_FAST_MATH = YES;
				ONLY_ACTIVE_ARCH = YES;
				SDKROOT = macosx;
				STRING_CATALOG_GENERATE_SYMBOLS = YES;
				SWIFT_ACTIVE_COMPILATION_CONDITIONS = "DEBUG $(inherited)";
				SWIFT_OPTIMIZATION_LEVEL = "-Onone";
			};
			name = Debug;
		};
		2200000000000000000002 /* Release */ = {
			isa = XCBuildConfiguration;
			buildSettings = {
				ALWAYS_SEARCH_USER_PATHS = NO;
				ASSETCATALOG_COMPILER_GENERATE_SWIFT_ASSET_SYMBOL_EXTENSIONS = YES;
				CLANG_ANALYZER_NONNULL = YES;
				CLANG_ANALYZER_NUMBER_OBJECT_CONVERSION = YES_AGGRESSIVE;
				CLANG_CXX_LANGUAGE_STANDARD = "gnu++20";
				CLANG_ENABLE_MODULES = YES;
				CLANG_ENABLE_OBJC_ARC = YES;
				CLANG_ENABLE_OBJC_WEAK = YES;
				CLANG_WARN_BLOCK_CAPTURE_AUTORELEASING = YES;
				CLANG_WARN_BOOL_CONVERSION = YES;
				CLANG_WARN_COMMA = YES;
				CLANG_WARN_CONSTANT_CONVERSION = YES;
				CLANG_WARN_DEPRECATED_OBJC_IMPLEMENTATIONS = YES;
				CLANG_WARN_DIRECT_OBJC_ISA_USAGE = YES_ERROR;
				CLANG_WARN_DOCUMENTATION_COMMENTS = YES;
				CLANG_WARN_EMPTY_BODY = YES;
				CLANG_WARN_ENUM_CONVERSION = YES;
				CLANG_WARN_INFINITE_RECURSION = YES;
				CLANG_WARN_INT_CONVERSION = YES;
				CLANG_WARN_NON_LITERAL_NULL_CONVERSION = YES;
				CLANG_WARN_OBJC_IMPLICIT_RETAIN_SELF = YES;
				CLANG_WARN_OBJC_LITERAL_CONVERSION = YES;
				CLANG_WARN_OBJC_ROOT_CLASS = YES_ERROR;
				CLANG_WARN_QUOTED_INCLUDE_IN_FRAMEWORK_HEADER = YES;
				CLANG_WARN_RANGE_LOOP_ANALYSIS = YES;
				CLANG_WARN_STRICT_PROTOTYPES = YES;
				CLANG_WARN_SUSPICIOUS_MOVE = YES;
				CLANG_WARN_UNGUARDED_AVAILABILITY = YES_AGGRESSIVE;
				CLANG_WARN_UNREACHABLE_CODE = YES;
				CLANG_WARN__DUPLICATE_METHOD_MATCH = YES;
				COPY_PHASE_STRIP = NO;
				DEAD_CODE_STRIPPING = YES;
				DEBUG_INFORMATION_FORMAT = "dwarf-with-dsym";
				ENABLE_NS_ASSERTIONS = NO;
				ENABLE_STRICT_OBJC_MSGSEND = YES;
				ENABLE_USER_SCRIPT_SANDBOXING = YES;
				GCC_C_LANGUAGE_STANDARD = gnu17;
				GCC_NO_COMMON_BLOCKS = YES;
				GCC_WARN_64_TO_32_BIT_CONVERSION = YES;
				GCC_WARN_ABOUT_RETURN_TYPE = YES_ERROR;
				GCC_WARN_UNDECLARED_SELECTOR = YES;
				GCC_WARN_UNINITIALIZED_AUTOS = YES_AGGRESSIVE;
				GCC_WARN_UNUSED_FUNCTION = YES;
				GCC_WARN_UNUSED_VARIABLE = YES;
				MACOSX_DEPLOYMENT_TARGET = 14.0;
				MTL_ENABLE_DEBUG_INFO = NO;
				MTL_FAST_MATH = YES;
				SDKROOT = macosx;
				STRING_CATALOG_GENERATE_SYMBOLS = YES;
				SWIFT_COMPILATION_MODE = wholemodule;
			};
			name = Release;
		};
		2200000000000000000003 /* Debug */ = {
			isa = XCBuildConfiguration;
			buildSettings = {
				ASSETCATALOG_COMPILER_APPICON_NAME = AppIcon;
				CODE_SIGN_ENTITLEMENTS = PrayerTimes/PrayerTimes.entitlements;
				CODE_SIGN_STYLE = Automatic;
				COMBINE_HIDPI_IMAGES = YES;
				CURRENT_PROJECT_VERSION = 1;
				DEAD_CODE_STRIPPING = YES;
				ENABLE_APP_SANDBOX = YES;
				ENABLE_RESOURCE_ACCESS_LOCATION = YES;
				GENERATE_INFOPLIST_FILE = NO;
				INFOPLIST_FILE = PrayerTimes/Info.plist;
				LD_RUNPATH_SEARCH_PATHS = (
					"$(inherited)",
					"@executable_path/../Frameworks",
				);
				MARKETING_VERSION = 1.0;
				PRODUCT_BUNDLE_IDENTIFIER = com.prayertimes.app;
				PRODUCT_NAME = "$(TARGET_NAME)";
				SWIFT_EMIT_LOC_STRINGS = YES;
				SWIFT_VERSION = 5.0;
			};
			name = Debug;
		};
		2200000000000000000004 /* Release */ = {
			isa = XCBuildConfiguration;
			buildSettings = {
				ASSETCATALOG_COMPILER_APPICON_NAME = AppIcon;
				CODE_SIGN_ENTITLEMENTS = PrayerTimes/PrayerTimes.entitlements;
				CODE_SIGN_STYLE = Automatic;
				COMBINE_HIDPI_IMAGES = YES;
				CURRENT_PROJECT_VERSION = 1;
				DEAD_CODE_STRIPPING = YES;
				ENABLE_APP_SANDBOX = YES;
				ENABLE_RESOURCE_ACCESS_LOCATION = YES;
				GENERATE_INFOPLIST_FILE = NO;
				INFOPLIST_FILE = PrayerTimes/Info.plist;
				LD_RUNPATH_SEARCH_PATHS = (
					"$(inherited)",
					"@executable_path/../Frameworks",
				);
				MARKETING_VERSION = 1.0;
				PRODUCT_BUNDLE_IDENTIFIER = com.prayertimes.app;
				PRODUCT_NAME = "$(TARGET_NAME)";
				SWIFT_EMIT_LOC_STRINGS = YES;
				SWIFT_VERSION = 5.0;
			};
			name = Release;
		};
		W200000000000000000001 /* Debug */ = {
			isa = XCBuildConfiguration;
			buildSettings = {
				CODE_SIGN_ENTITLEMENTS = PrayerTimesWidget/PrayerTimesWidget.entitlements;
				CODE_SIGN_STYLE = Automatic;
				CURRENT_PROJECT_VERSION = 1;
				DEAD_CODE_STRIPPING = YES;
				ENABLE_APP_SANDBOX = YES;
				GENERATE_INFOPLIST_FILE = NO;
				INFOPLIST_FILE = PrayerTimesWidget/Info.plist;
				LD_RUNPATH_SEARCH_PATHS = (
					"$(inherited)",
					"@executable_path/../Frameworks",
					"@executable_path/../../../../Frameworks",
				);
				MARKETING_VERSION = 1.0;
				PRODUCT_BUNDLE_IDENTIFIER = com.prayertimes.app.widget;
				PRODUCT_NAME = "$(TARGET_NAME)";
				SKIP_INSTALL = YES;
				SWIFT_EMIT_LOC_STRINGS = YES;
				SWIFT_VERSION = 5.0;
			};
			name = Debug;
		};
		W200000000000000000002 /* Release */ = {
			isa = XCBuildConfiguration;
			buildSettings = {
				CODE_SIGN_ENTITLEMENTS = PrayerTimesWidget/PrayerTimesWidget.entitlements;
				CODE_SIGN_STYLE = Automatic;
				CURRENT_PROJECT_VERSION = 1;
				DEAD_CODE_STRIPPING = YES;
				ENABLE_APP_SANDBOX = YES;
				GENERATE_INFOPLIST_FILE = NO;
				INFOPLIST_FILE = PrayerTimesWidget/Info.plist;
				LD_RUNPATH_SEARCH_PATHS = (
					"$(inherited)",
					"@executable_path/../Frameworks",
					"@executable_path/../../../../Frameworks",
				);
				MARKETING_VERSION = 1.0;
				PRODUCT_BUNDLE_IDENTIFIER = com.prayertimes.app.widget;
				PRODUCT_NAME = "$(TARGET_NAME)";
				SKIP_INSTALL = YES;
				SWIFT_EMIT_LOC_STRINGS = YES;
				SWIFT_VERSION = 5.0;
			};
			name = Release;
		};
/* End XCBuildConfiguration section */

/* Begin XCConfigurationList section */
		1100000000000000000001 /* Build configuration list for PBXProject "PrayerTimes" */ = {
			isa = XCConfigurationList;
			buildConfigurations = (
				2200000000000000000001 /* Debug */,
				2200000000000000000002 /* Release */,
			);
			defaultConfigurationIsVisible = 0;
			defaultConfigurationName = Release;
		};
		1100000000000000000002 /* Build configuration list for PBXNativeTarget "PrayerTimes" */ = {
			isa = XCConfigurationList;
			buildConfigurations = (
				2200000000000000000003 /* Debug */,
				2200000000000000000004 /* Release */,
			);
			defaultConfigurationIsVisible = 0;
			defaultConfigurationName = Release;
		};
		W100000000000000000001 /* Build configuration list for PBXNativeTarget "PrayerTimesWidgetExtension" */ = {
			isa = XCConfigurationList;
			buildConfigurations = (
				W200000000000000000001 /* Debug */,
				W200000000000000000002 /* Release */,
			);
			defaultConfigurationIsVisible = 0;
			defaultConfigurationName = Release;
		};
/* End XCConfigurationList section */

/* Begin XCRemoteSwiftPackageReference section */
		EE00000000000000000001 /* XCRemoteSwiftPackageReference "adhan-swift" */ = {
			isa = XCRemoteSwiftPackageReference;
			repositoryURL = "https://github.com/batoulapps/adhan-swift";
			requirement = {
				kind = upToNextMajorVersion;
				minimumVersion = 1.4.0;
			};
		};
/* End XCRemoteSwiftPackageReference section */

/* Begin XCSwiftPackageProductDependency section */
		EE00000000000000000002 /* Adhan */ = {
			isa = XCSwiftPackageProductDependency;
			package = EE00000000000000000001 /* XCRemoteSwiftPackageReference "adhan-swift" */;
			productName = Adhan;
		};
/* End XCSwiftPackageProductDependency section */
	};
	rootObject = DD00000000000000000000 /* Project object */;
}
